
Microsoft Visual Studio Solution File, Format Version 12.00
# Visual Studio 14
VisualStudioVersion = 14.0.25420.1
MinimumVisualStudioVersion = 10.0.40219.1
Project("{FAE04EC0-301F-11D3-BF4B-00C04F79EFBC}") = "Xamarin2", "Xamarin2\Xamarin2\Xamarin2.csproj", "{F3A4B007-309D-4C7D-8ED1-70209306A07E}"
EndProject
Project("{FAE04EC0-301F-11D3-BF4B-00C04F79EFBC}") = "Xamarin2.Droid", "Xamarin2\Xamarin2.Droid\Xamarin2.Droid.csproj", "{8B6FD696-9300-4129-A485-E5C0708718DF}"
EndProject
Project("{FAE04EC0-301F-11D3-BF4B-00C04F79EFBC}") = "Xamarin2.iOS", "Xamarin2\Xamarin2.iOS\Xamarin2.iOS.csproj", "{17C118AF-F900-468C-BEC6-C129B9B26D5F}"
EndProject
Project("{FAE04EC0-301F-11D3-BF4B-00C04F79EFBC}") = "Xamarin2.WinPhone", "Xamarin2\Xamarin2.WinPhone\Xamarin2.WinPhone.csproj", "{C33351AF-E598-41B6-8A43-BA2F808C2C33}"
EndProject
Project("{FAE04EC0-301F-11D3-BF4B-00C04F79EFBC}") = "Xamarin2.Windows", "Xamarin2\Xamarin2.Windows\Xamarin2.Windows.csproj", "{4CB5778A-6E8C-41AD-B915-E2E06E026B96}"
EndProject
Project("{FAE04EC0-301F-11D3-BF4B-00C04F79EFBC}") = "Xamarin2.Web", "Xamarin2.Web\Xamarin2.Web.csproj", "{C1B9ACF3-847A-4E90-AB4C-5C194E15FEE2}"
EndProject
Project("{FAE04EC0-301F-11D3-BF4B-00C04F79EFBC}") = "Xamarin2.Data", "Xamarin2.Data\Xamarin2.Data.csproj", "{D79E3EEB-7A96-4B1D-8456-316B69BB8F79}"
EndProject
Project("{FAE04EC0-301F-11D3-BF4B-00C04F79EFBC}") = "Xamarin2.WebClient", "Xamarin2.WebClient\Xamarin2.WebClient.csproj", "{04863836-6EA6-4168-B433-CCEEBC1E835D}"
EndProject
Global
	GlobalSection(SolutionConfigurationPlatforms) = preSolution
		Ad-Hoc|Any CPU = Ad-Hoc|Any CPU
		Ad-Hoc|ARM = Ad-Hoc|ARM
		Ad-Hoc|iPhone = Ad-Hoc|iPhone
		Ad-Hoc|iPhoneSimulator = Ad-Hoc|iPhoneSimulator
		Ad-Hoc|x64 = Ad-Hoc|x64
		Ad-Hoc|x86 = Ad-Hoc|x86
		AppStore|Any CPU = AppStore|Any CPU
		AppStore|ARM = AppStore|ARM
		AppStore|iPhone = AppStore|iPhone
		AppStore|iPhoneSimulator = AppStore|iPhoneSimulator
		AppStore|x64 = AppStore|x64
		AppStore|x86 = AppStore|x86
		Debug|Any CPU = Debug|Any CPU
		Debug|ARM = Debug|ARM
		Debug|iPhone = Debug|iPhone
		Debug|iPhoneSimulator = Debug|iPhoneSimulator
		Debug|x64 = Debug|x64
		Debug|x86 = Debug|x86
		Release|Any CPU = Release|Any CPU
		Release|ARM = Release|ARM
		Release|iPhone = Release|iPhone
		Release|iPhoneSimulator = Release|iPhoneSimulator
		Release|x64 = Release|x64
		Release|x86 = Release|x86
	EndGlobalSection
	GlobalSection(ProjectConfigurationPlatforms) = postSolution
		{F3A4B007-309D-4C7D-8ED1-70209306A07E}.Ad-Hoc|Any CPU.ActiveCfg = Release|Any CPU
		{F3A4B007-309D-4C7D-8ED1-70209306A07E}.Ad-Hoc|Any CPU.Build.0 = Release|Any CPU
		{F3A4B007-309D-4C7D-8ED1-70209306A07E}.Ad-Hoc|ARM.ActiveCfg = Release|Any CPU
		{F3A4B007-309D-4C7D-8ED1-70209306A07E}.Ad-Hoc|ARM.Build.0 = Release|Any CPU
		{F3A4B007-309D-4C7D-8ED1-70209306A07E}.Ad-Hoc|iPhone.ActiveCfg = Release|Any CPU
		{F3A4B007-309D-4C7D-8ED1-70209306A07E}.Ad-Hoc|iPhone.Build.0 = Release|Any CPU
		{F3A4B007-309D-4C7D-8ED1-70209306A07E}.Ad-Hoc|iPhoneSimulator.ActiveCfg = Release|Any CPU
		{F3A4B007-309D-4C7D-8ED1-70209306A07E}.Ad-Hoc|iPhoneSimulator.Build.0 = Release|Any CPU
		{F3A4B007-309D-4C7D-8ED1-70209306A07E}.Ad-Hoc|x64.ActiveCfg = Release|Any CPU
		{F3A4B007-309D-4C7D-8ED1-70209306A07E}.Ad-Hoc|x64.Build.0 = Release|Any CPU
		{F3A4B007-309D-4C7D-8ED1-70209306A07E}.Ad-Hoc|x86.ActiveCfg = Release|Any CPU
		{F3A4B007-309D-4C7D-8ED1-70209306A07E}.Ad-Hoc|x86.Build.0 = Release|Any CPU
		{F3A4B007-309D-4C7D-8ED1-70209306A07E}.AppStore|Any CPU.ActiveCfg = Release|Any CPU
		{F3A4B007-309D-4C7D-8ED1-70209306A07E}.AppStore|Any CPU.Build.0 = Release|Any CPU
		{F3A4B007-309D-4C7D-8ED1-70209306A07E}.AppStore|ARM.ActiveCfg = Release|Any CPU
		{F3A4B007-309D-4C7D-8ED1-70209306A07E}.AppStore|ARM.Build.0 = Release|Any CPU
		{F3A4B007-309D-4C7D-8ED1-70209306A07E}.AppStore|iPhone.ActiveCfg = Release|Any CPU
		{F3A4B007-309D-4C7D-8ED1-70209306A07E}.AppStore|iPhone.Build.0 = Release|Any CPU
		{F3A4B007-309D-4C7D-8ED1-70209306A07E}.AppStore|iPhoneSimulator.ActiveCfg = Release|Any CPU
		{F3A4B007-309D-4C7D-8ED1-70209306A07E}.AppStore|iPhoneSimulator.Build.0 = Release|Any CPU
		{F3A4B007-309D-4C7D-8ED1-70209306A07E}.AppStore|x64.ActiveCfg = Release|Any CPU
		{F3A4B007-309D-4C7D-8ED1-70209306A07E}.AppStore|x64.Build.0 = Release|Any CPU
		{F3A4B007-309D-4C7D-8ED1-70209306A07E}.AppStore|x86.ActiveCfg = Release|Any CPU
		{F3A4B007-309D-4C7D-8ED1-70209306A07E}.AppStore|x86.Build.0 = Release|Any CPU
		{F3A4B007-309D-4C7D-8ED1-70209306A07E}.Debug|Any CPU.ActiveCfg = Debug|Any CPU
		{F3A4B007-309D-4C7D-8ED1-70209306A07E}.Debug|Any CPU.Build.0 = Debug|Any CPU
		{F3A4B007-309D-4C7D-8ED1-70209306A07E}.Debug|ARM.ActiveCfg = Debug|Any CPU
		{F3A4B007-309D-4C7D-8ED1-70209306A07E}.Debug|ARM.Build.0 = Debug|Any CPU
		{F3A4B007-309D-4C7D-8ED1-70209306A07E}.Debug|iPhone.ActiveCfg = Debug|Any CPU
		{F3A4B007-309D-4C7D-8ED1-70209306A07E}.Debug|iPhone.Build.0 = Debug|Any CPU
		{F3A4B007-309D-4C7D-8ED1-70209306A07E}.Debug|iPhoneSimulator.ActiveCfg = Debug|Any CPU
		{F3A4B007-309D-4C7D-8ED1-70209306A07E}.Debug|iPhoneSimulator.Build.0 = Debug|Any CPU
		{F3A4B007-309D-4C7D-8ED1-70209306A07E}.Debug|x64.ActiveCfg = Debug|Any CPU
		{F3A4B007-309D-4C7D-8ED1-70209306A07E}.Debug|x64.Build.0 = Debug|Any CPU
		{F3A4B007-309D-4C7D-8ED1-70209306A07E}.Debug|x86.ActiveCfg = Debug|Any CPU
		{F3A4B007-309D-4C7D-8ED1-70209306A07E}.Debug|x86.Build.0 = Debug|Any CPU
		{F3A4B007-309D-4C7D-8ED1-70209306A07E}.Release|Any CPU.ActiveCfg = Release|Any CPU
		{F3A4B007-309D-4C7D-8ED1-70209306A07E}.Release|Any CPU.Build.0 = Release|Any CPU
		{F3A4B007-309D-4C7D-8ED1-70209306A07E}.Release|ARM.ActiveCfg = Release|Any CPU
		{F3A4B007-309D-4C7D-8ED1-70209306A07E}.Release|ARM.Build.0 = Release|Any CPU
		{F3A4B007-309D-4C7D-8ED1-70209306A07E}.Release|iPhone.ActiveCfg = Release|Any CPU
		{F3A4B007-309D-4C7D-8ED1-70209306A07E}.Release|iPhone.Build.0 = Release|Any CPU
		{F3A4B007-309D-4C7D-8ED1-70209306A07E}.Release|iPhoneSimulator.ActiveCfg = Release|Any CPU
		{F3A4B007-309D-4C7D-8ED1-70209306A07E}.Release|iPhoneSimulator.Build.0 = Release|Any CPU
		{F3A4B007-309D-4C7D-8ED1-70209306A07E}.Release|x64.ActiveCfg = Release|Any CPU
		{F3A4B007-309D-4C7D-8ED1-70209306A07E}.Release|x64.Build.0 = Release|Any CPU
		{F3A4B007-309D-4C7D-8ED1-70209306A07E}.Release|x86.ActiveCfg = Release|Any CPU
		{F3A4B007-309D-4C7D-8ED1-70209306A07E}.Release|x86.Build.0 = Release|Any CPU
		{8B6FD696-9300-4129-A485-E5C0708718DF}.Ad-Hoc|Any CPU.ActiveCfg = Release|Any CPU
		{8B6FD696-9300-4129-A485-E5C0708718DF}.Ad-Hoc|Any CPU.Build.0 = Release|Any CPU
		{8B6FD696-9300-4129-A485-E5C0708718DF}.Ad-Hoc|Any CPU.Deploy.0 = Release|Any CPU
		{8B6FD696-9300-4129-A485-E5C0708718DF}.Ad-Hoc|ARM.ActiveCfg = Release|Any CPU
		{8B6FD696-9300-4129-A485-E5C0708718DF}.Ad-Hoc|ARM.Build.0 = Release|Any CPU
		{8B6FD696-9300-4129-A485-E5C0708718DF}.Ad-Hoc|ARM.Deploy.0 = Release|Any CPU
		{8B6FD696-9300-4129-A485-E5C0708718DF}.Ad-Hoc|iPhone.ActiveCfg = Release|Any CPU
		{8B6FD696-9300-4129-A485-E5C0708718DF}.Ad-Hoc|iPhone.Build.0 = Release|Any CPU
		{8B6FD696-9300-4129-A485-E5C0708718DF}.Ad-Hoc|iPhone.Deploy.0 = Release|Any CPU
		{8B6FD696-9300-4129-A485-E5C0708718DF}.Ad-Hoc|iPhoneSimulator.ActiveCfg = Release|Any CPU
		{8B6FD696-9300-4129-A485-E5C0708718DF}.Ad-Hoc|iPhoneSimulator.Build.0 = Release|Any CPU
		{8B6FD696-9300-4129-A485-E5C0708718DF}.Ad-Hoc|iPhoneSimulator.Deploy.0 = Release|Any CPU
		{8B6FD696-9300-4129-A485-E5C0708718DF}.Ad-Hoc|x64.ActiveCfg = Release|Any CPU
		{8B6FD696-9300-4129-A485-E5C0708718DF}.Ad-Hoc|x64.Build.0 = Release|Any CPU
		{8B6FD696-9300-4129-A485-E5C0708718DF}.Ad-Hoc|x64.Deploy.0 = Release|Any CPU
		{8B6FD696-9300-4129-A485-E5C0708718DF}.Ad-Hoc|x86.ActiveCfg = Release|Any CPU
		{8B6FD696-9300-4129-A485-E5C0708718DF}.Ad-Hoc|x86.Build.0 = Release|Any CPU
		{8B6FD696-9300-4129-A485-E5C0708718DF}.Ad-Hoc|x86.Deploy.0 = Release|Any CPU
		{8B6FD696-9300-4129-A485-E5C0708718DF}.AppStore|Any CPU.ActiveCfg = Release|Any CPU
		{8B6FD696-9300-4129-A485-E5C0708718DF}.AppStore|Any CPU.Build.0 = Release|Any CPU
		{8B6FD696-9300-4129-A485-E5C0708718DF}.AppStore|Any CPU.Deploy.0 = Release|Any CPU
		{8B6FD696-9300-4129-A485-E5C0708718DF}.AppStore|ARM.ActiveCfg = Release|Any CPU
		{8B6FD696-9300-4129-A485-E5C0708718DF}.AppStore|ARM.Build.0 = Release|Any CPU
		{8B6FD696-9300-4129-A485-E5C0708718DF}.AppStore|ARM.Deploy.0 = Release|Any CPU
		{8B6FD696-9300-4129-A485-E5C0708718DF}.AppStore|iPhone.ActiveCfg = Release|Any CPU
		{8B6FD696-9300-4129-A485-E5C0708718DF}.AppStore|iPhone.Build.0 = Release|Any CPU
		{8B6FD696-9300-4129-A485-E5C0708718DF}.AppStore|iPhone.Deploy.0 = Release|Any CPU
		{8B6FD696-9300-4129-A485-E5C0708718DF}.AppStore|iPhoneSimulator.ActiveCfg = Release|Any CPU
		{8B6FD696-9300-4129-A485-E5C0708718DF}.AppStore|iPhoneSimulator.Build.0 = Release|Any CPU
		{8B6FD696-9300-4129-A485-E5C0708718DF}.AppStore|iPhoneSimulator.Deploy.0 = Release|Any CPU
		{8B6FD696-9300-4129-A485-E5C0708718DF}.AppStore|x64.ActiveCfg = Release|Any CPU
		{8B6FD696-9300-4129-A485-E5C0708718DF}.AppStore|x64.Build.0 = Release|Any CPU
		{8B6FD696-9300-4129-A485-E5C0708718DF}.AppStore|x64.Deploy.0 = Release|Any CPU
		{8B6FD696-9300-4129-A485-E5C0708718DF}.AppStore|x86.ActiveCfg = Release|Any CPU
		{8B6FD696-9300-4129-A485-E5C0708718DF}.AppStore|x86.Build.0 = Release|Any CPU
		{8B6FD696-9300-4129-A485-E5C0708718DF}.AppStore|x86.Deploy.0 = Release|Any CPU
		{8B6FD696-9300-4129-A485-E5C0708718DF}.Debug|Any CPU.ActiveCfg = Debug|Any CPU
		{8B6FD696-9300-4129-A485-E5C0708718DF}.Debug|Any CPU.Build.0 = Debug|Any CPU
		{8B6FD696-9300-4129-A485-E5C0708718DF}.Debug|Any CPU.Deploy.0 = Debug|Any CPU
		{8B6FD696-9300-4129-A485-E5C0708718DF}.Debug|ARM.ActiveCfg = Debug|Any CPU
		{8B6FD696-9300-4129-A485-E5C0708718DF}.Debug|ARM.Build.0 = Debug|Any CPU
		{8B6FD696-9300-4129-A485-E5C0708718DF}.Debug|ARM.Deploy.0 = Debug|Any CPU
		{8B6FD696-9300-4129-A485-E5C0708718DF}.Debug|iPhone.ActiveCfg = Debug|Any CPU
		{8B6FD696-9300-4129-A485-E5C0708718DF}.Debug|iPhone.Build.0 = Debug|Any CPU
		{8B6FD696-9300-4129-A485-E5C0708718DF}.Debug|iPhone.Deploy.0 = Debug|Any CPU
		{8B6FD696-9300-4129-A485-E5C0708718DF}.Debug|iPhoneSimulator.ActiveCfg = Debug|Any CPU
		{8B6FD696-9300-4129-A485-E5C0708718DF}.Debug|iPhoneSimulator.Build.0 = Debug|Any CPU
		{8B6FD696-9300-4129-A485-E5C0708718DF}.Debug|iPhoneSimulator.Deploy.0 = Debug|Any CPU
		{8B6FD696-9300-4129-A485-E5C0708718DF}.Debug|x64.ActiveCfg = Debug|Any CPU
		{8B6FD696-9300-4129-A485-E5C0708718DF}.Debug|x64.Build.0 = Debug|Any CPU
		{8B6FD696-9300-4129-A485-E5C0708718DF}.Debug|x64.Deploy.0 = Debug|Any CPU
		{8B6FD696-9300-4129-A485-E5C0708718DF}.Debug|x86.ActiveCfg = Debug|Any CPU
		{8B6FD696-9300-4129-A485-E5C0708718DF}.Debug|x86.Build.0 = Debug|Any CPU
		{8B6FD696-9300-4129-A485-E5C0708718DF}.Debug|x86.Deploy.0 = Debug|Any CPU
		{8B6FD696-9300-4129-A485-E5C0708718DF}.Release|Any CPU.ActiveCfg = Release|Any CPU
		{8B6FD696-9300-4129-A485-E5C0708718DF}.Release|Any CPU.Build.0 = Release|Any CPU
		{8B6FD696-9300-4129-A485-E5C0708718DF}.Release|Any CPU.Deploy.0 = Release|Any CPU
		{8B6FD696-9300-4129-A485-E5C0708718DF}.Release|ARM.ActiveCfg = Release|Any CPU
		{8B6FD696-9300-4129-A485-E5C0708718DF}.Release|ARM.Build.0 = Release|Any CPU
		{8B6FD696-9300-4129-A485-E5C0708718DF}.Release|ARM.Deploy.0 = Release|Any CPU
		{8B6FD696-9300-4129-A485-E5C0708718DF}.Release|iPhone.ActiveCfg = Release|Any CPU
		{8B6FD696-9300-4129-A485-E5C0708718DF}.Release|iPhone.Build.0 = Release|Any CPU
		{8B6FD696-9300-4129-A485-E5C0708718DF}.Release|iPhone.Deploy.0 = Release|Any CPU
		{8B6FD696-9300-4129-A485-E5C0708718DF}.Release|iPhoneSimulator.ActiveCfg = Release|Any CPU
		{8B6FD696-9300-4129-A485-E5C0708718DF}.Release|iPhoneSimulator.Build.0 = Release|Any CPU
		{8B6FD696-9300-4129-A485-E5C0708718DF}.Release|iPhoneSimulator.Deploy.0 = Release|Any CPU
		{8B6FD696-9300-4129-A485-E5C0708718DF}.Release|x64.ActiveCfg = Release|Any CPU
		{8B6FD696-9300-4129-A485-E5C0708718DF}.Release|x64.Build.0 = Release|Any CPU
		{8B6FD696-9300-4129-A485-E5C0708718DF}.Release|x64.Deploy.0 = Release|Any CPU
		{8B6FD696-9300-4129-A485-E5C0708718DF}.Release|x86.ActiveCfg = Release|Any CPU
		{8B6FD696-9300-4129-A485-E5C0708718DF}.Release|x86.Build.0 = Release|Any CPU
		{8B6FD696-9300-4129-A485-E5C0708718DF}.Release|x86.Deploy.0 = Release|Any CPU
		{17C118AF-F900-468C-BEC6-C129B9B26D5F}.Ad-Hoc|Any CPU.ActiveCfg = Ad-Hoc|iPhone
		{17C118AF-F900-468C-BEC6-C129B9B26D5F}.Ad-Hoc|ARM.ActiveCfg = Ad-Hoc|iPhone
		{17C118AF-F900-468C-BEC6-C129B9B26D5F}.Ad-Hoc|iPhone.ActiveCfg = Ad-Hoc|iPhone
		{17C118AF-F900-468C-BEC6-C129B9B26D5F}.Ad-Hoc|iPhone.Build.0 = Ad-Hoc|iPhone
		{17C118AF-F900-468C-BEC6-C129B9B26D5F}.Ad-Hoc|iPhoneSimulator.ActiveCfg = Ad-Hoc|iPhoneSimulator
		{17C118AF-F900-468C-BEC6-C129B9B26D5F}.Ad-Hoc|iPhoneSimulator.Build.0 = Ad-Hoc|iPhoneSimulator
		{17C118AF-F900-468C-BEC6-C129B9B26D5F}.Ad-Hoc|x64.ActiveCfg = Ad-Hoc|iPhone
		{17C118AF-F900-468C-BEC6-C129B9B26D5F}.Ad-Hoc|x86.ActiveCfg = Ad-Hoc|iPhone
		{17C118AF-F900-468C-BEC6-C129B9B26D5F}.AppStore|Any CPU.ActiveCfg = AppStore|iPhone
		{17C118AF-F900-468C-BEC6-C129B9B26D5F}.AppStore|ARM.ActiveCfg = AppStore|iPhone
		{17C118AF-F900-468C-BEC6-C129B9B26D5F}.AppStore|iPhone.ActiveCfg = AppStore|iPhone
		{17C118AF-F900-468C-BEC6-C129B9B26D5F}.AppStore|iPhone.Build.0 = AppStore|iPhone
		{17C118AF-F900-468C-BEC6-C129B9B26D5F}.AppStore|iPhoneSimulator.ActiveCfg = AppStore|iPhoneSimulator
		{17C118AF-F900-468C-BEC6-C129B9B26D5F}.AppStore|iPhoneSimulator.Build.0 = AppStore|iPhoneSimulator
		{17C118AF-F900-468C-BEC6-C129B9B26D5F}.AppStore|x64.ActiveCfg = AppStore|iPhone
		{17C118AF-F900-468C-BEC6-C129B9B26D5F}.AppStore|x86.ActiveCfg = AppStore|iPhone
		{17C118AF-F900-468C-BEC6-C129B9B26D5F}.Debug|Any CPU.ActiveCfg = Debug|iPhone
		{17C118AF-F900-468C-BEC6-C129B9B26D5F}.Debug|ARM.ActiveCfg = Debug|iPhone
		{17C118AF-F900-468C-BEC6-C129B9B26D5F}.Debug|iPhone.ActiveCfg = Debug|iPhone
		{17C118AF-F900-468C-BEC6-C129B9B26D5F}.Debug|iPhone.Build.0 = Debug|iPhone
		{17C118AF-F900-468C-BEC6-C129B9B26D5F}.Debug|iPhoneSimulator.ActiveCfg = Debug|iPhoneSimulator
		{17C118AF-F900-468C-BEC6-C129B9B26D5F}.Debug|iPhoneSimulator.Build.0 = Debug|iPhoneSimulator
		{17C118AF-F900-468C-BEC6-C129B9B26D5F}.Debug|x64.ActiveCfg = Debug|iPhone
		{17C118AF-F900-468C-BEC6-C129B9B26D5F}.Debug|x86.ActiveCfg = Debug|iPhone
		{17C118AF-F900-468C-BEC6-C129B9B26D5F}.Release|Any CPU.ActiveCfg = Release|iPhone
		{17C118AF-F900-468C-BEC6-C129B9B26D5F}.Release|ARM.ActiveCfg = Release|iPhone
		{17C118AF-F900-468C-BEC6-C129B9B26D5F}.Release|iPhone.ActiveCfg = Release|iPhone
		{17C118AF-F900-468C-BEC6-C129B9B26D5F}.Release|iPhone.Build.0 = Release|iPhone
		{17C118AF-F900-468C-BEC6-C129B9B26D5F}.Release|iPhoneSimulator.ActiveCfg = Release|iPhoneSimulator
		{17C118AF-F900-468C-BEC6-C129B9B26D5F}.Release|iPhoneSimulator.Build.0 = Release|iPhoneSimulator
		{17C118AF-F900-468C-BEC6-C129B9B26D5F}.Release|x64.ActiveCfg = Release|iPhone
		{17C118AF-F900-468C-BEC6-C129B9B26D5F}.Release|x86.ActiveCfg = Release|iPhone
		{C33351AF-E598-41B6-8A43-BA2F808C2C33}.Ad-Hoc|Any CPU.ActiveCfg = Release|Any CPU
		{C33351AF-E598-41B6-8A43-BA2F808C2C33}.Ad-Hoc|Any CPU.Build.0 = Release|Any CPU
		{C33351AF-E598-41B6-8A43-BA2F808C2C33}.Ad-Hoc|Any CPU.Deploy.0 = Release|Any CPU
		{C33351AF-E598-41B6-8A43-BA2F808C2C33}.Ad-Hoc|ARM.ActiveCfg = Release|ARM
		{C33351AF-E598-41B6-8A43-BA2F808C2C33}.Ad-Hoc|ARM.Build.0 = Release|ARM
		{C33351AF-E598-41B6-8A43-BA2F808C2C33}.Ad-Hoc|ARM.Deploy.0 = Release|ARM
		{C33351AF-E598-41B6-8A43-BA2F808C2C33}.Ad-Hoc|iPhone.ActiveCfg = Release|Any CPU
		{C33351AF-E598-41B6-8A43-BA2F808C2C33}.Ad-Hoc|iPhone.Build.0 = Release|Any CPU
		{C33351AF-E598-41B6-8A43-BA2F808C2C33}.Ad-Hoc|iPhone.Deploy.0 = Release|Any CPU
		{C33351AF-E598-41B6-8A43-BA2F808C2C33}.Ad-Hoc|iPhoneSimulator.ActiveCfg = Release|Any CPU
		{C33351AF-E598-41B6-8A43-BA2F808C2C33}.Ad-Hoc|iPhoneSimulator.Build.0 = Release|Any CPU
		{C33351AF-E598-41B6-8A43-BA2F808C2C33}.Ad-Hoc|iPhoneSimulator.Deploy.0 = Release|Any CPU
		{C33351AF-E598-41B6-8A43-BA2F808C2C33}.Ad-Hoc|x64.ActiveCfg = Release|Any CPU
		{C33351AF-E598-41B6-8A43-BA2F808C2C33}.Ad-Hoc|x64.Build.0 = Release|Any CPU
		{C33351AF-E598-41B6-8A43-BA2F808C2C33}.Ad-Hoc|x64.Deploy.0 = Release|Any CPU
		{C33351AF-E598-41B6-8A43-BA2F808C2C33}.Ad-Hoc|x86.ActiveCfg = Release|x86
		{C33351AF-E598-41B6-8A43-BA2F808C2C33}.Ad-Hoc|x86.Build.0 = Release|x86
		{C33351AF-E598-41B6-8A43-BA2F808C2C33}.Ad-Hoc|x86.Deploy.0 = Release|x86
		{C33351AF-E598-41B6-8A43-BA2F808C2C33}.AppStore|Any CPU.ActiveCfg = Release|Any CPU
		{C33351AF-E598-41B6-8A43-BA2F808C2C33}.AppStore|Any CPU.Build.0 = Release|Any CPU
		{C33351AF-E598-41B6-8A43-BA2F808C2C33}.AppStore|Any CPU.Deploy.0 = Release|Any CPU
		{C33351AF-E598-41B6-8A43-BA2F808C2C33}.AppStore|ARM.ActiveCfg = Release|ARM
		{C33351AF-E598-41B6-8A43-BA2F808C2C33}.AppStore|ARM.Build.0 = Release|ARM
		{C33351AF-E598-41B6-8A43-BA2F808C2C33}.AppStore|ARM.Deploy.0 = Release|ARM
		{C33351AF-E598-41B6-8A43-BA2F808C2C33}.AppStore|iPhone.ActiveCfg = Release|Any CPU
		{C33351AF-E598-41B6-8A43-BA2F808C2C33}.AppStore|iPhone.Build.0 = Release|Any CPU
		{C33351AF-E598-41B6-8A43-BA2F808C2C33}.AppStore|iPhone.Deploy.0 = Release|Any CPU
		{C33351AF-E598-41B6-8A43-BA2F808C2C33}.AppStore|iPhoneSimulator.ActiveCfg = Release|Any CPU
		{C33351AF-E598-41B6-8A43-BA2F808C2C33}.AppStore|iPhoneSimulator.Build.0 = Release|Any CPU
		{C33351AF-E598-41B6-8A43-BA2F808C2C33}.AppStore|iPhoneSimulator.Deploy.0 = Release|Any CPU
		{C33351AF-E598-41B6-8A43-BA2F808C2C33}.AppStore|x64.ActiveCfg = Release|Any CPU
		{C33351AF-E598-41B6-8A43-BA2F808C2C33}.AppStore|x64.Build.0 = Release|Any CPU
		{C33351AF-E598-41B6-8A43-BA2F808C2C33}.AppStore|x64.Deploy.0 = Release|Any CPU
		{C33351AF-E598-41B6-8A43-BA2F808C2C33}.AppStore|x86.ActiveCfg = Release|x86
		{C33351AF-E598-41B6-8A43-BA2F808C2C33}.AppStore|x86.Build.0 = Release|x86
		{C33351AF-E598-41B6-8A43-BA2F808C2C33}.AppStore|x86.Deploy.0 = Release|x86
		{C33351AF-E598-41B6-8A43-BA2F808C2C33}.Debug|Any CPU.ActiveCfg = Debug|Any CPU
		{C33351AF-E598-41B6-8A43-BA2F808C2C33}.Debug|Any CPU.Build.0 = Debug|Any CPU
		{C33351AF-E598-41B6-8A43-BA2F808C2C33}.Debug|Any CPU.Deploy.0 = Debug|Any CPU
		{C33351AF-E598-41B6-8A43-BA2F808C2C33}.Debug|ARM.ActiveCfg = Debug|ARM
		{C33351AF-E598-41B6-8A43-BA2F808C2C33}.Debug|ARM.Build.0 = Debug|ARM
		{C33351AF-E598-41B6-8A43-BA2F808C2C33}.Debug|ARM.Deploy.0 = Debug|ARM
		{C33351AF-E598-41B6-8A43-BA2F808C2C33}.Debug|iPhone.ActiveCfg = Debug|Any CPU
		{C33351AF-E598-41B6-8A43-BA2F808C2C33}.Debug|iPhone.Build.0 = Debug|Any CPU
		{C33351AF-E598-41B6-8A43-BA2F808C2C33}.Debug|iPhone.Deploy.0 = Debug|Any CPU
		{C33351AF-E598-41B6-8A43-BA2F808C2C33}.Debug|iPhoneSimulator.ActiveCfg = Debug|Any CPU
		{C33351AF-E598-41B6-8A43-BA2F808C2C33}.Debug|iPhoneSimulator.Build.0 = Debug|Any CPU
		{C33351AF-E598-41B6-8A43-BA2F808C2C33}.Debug|iPhoneSimulator.Deploy.0 = Debug|Any CPU
		{C33351AF-E598-41B6-8A43-BA2F808C2C33}.Debug|x64.ActiveCfg = Debug|Any CPU
		{C33351AF-E598-41B6-8A43-BA2F808C2C33}.Debug|x64.Build.0 = Debug|Any CPU
		{C33351AF-E598-41B6-8A43-BA2F808C2C33}.Debug|x64.Deploy.0 = Debug|Any CPU
		{C33351AF-E598-41B6-8A43-BA2F808C2C33}.Debug|x86.ActiveCfg = Debug|x86
		{C33351AF-E598-41B6-8A43-BA2F808C2C33}.Debug|x86.Build.0 = Debug|x86
		{C33351AF-E598-41B6-8A43-BA2F808C2C33}.Debug|x86.Deploy.0 = Debug|x86
		{C33351AF-E598-41B6-8A43-BA2F808C2C33}.Release|Any CPU.ActiveCfg = Release|Any CPU
		{C33351AF-E598-41B6-8A43-BA2F808C2C33}.Release|Any CPU.Build.0 = Release|Any CPU
		{C33351AF-E598-41B6-8A43-BA2F808C2C33}.Release|Any CPU.Deploy.0 = Release|Any CPU
		{C33351AF-E598-41B6-8A43-BA2F808C2C33}.Release|ARM.ActiveCfg = Release|ARM
		{C33351AF-E598-41B6-8A43-BA2F808C2C33}.Release|ARM.Build.0 = Release|ARM
		{C33351AF-E598-41B6-8A43-BA2F808C2C33}.Release|ARM.Deploy.0 = Release|ARM
		{C33351AF-E598-41B6-8A43-BA2F808C2C33}.Release|iPhone.ActiveCfg = Release|Any CPU
		{C33351AF-E598-41B6-8A43-BA2F808C2C33}.Release|iPhone.Build.0 = Release|Any CPU
		{C33351AF-E598-41B6-8A43-BA2F808C2C33}.Release|iPhone.Deploy.0 = Release|Any CPU
		{C33351AF-E598-41B6-8A43-BA2F808C2C33}.Release|iPhoneSimulator.ActiveCfg = Release|Any CPU
		{C33351AF-E598-41B6-8A43-BA2F808C2C33}.Release|iPhoneSimulator.Build.0 = Release|Any CPU
		{C33351AF-E598-41B6-8A43-BA2F808C2C33}.Release|iPhoneSimulator.Deploy.0 = Release|Any CPU
		{C33351AF-E598-41B6-8A43-BA2F808C2C33}.Release|x64.ActiveCfg = Release|Any CPU
		{C33351AF-E598-41B6-8A43-BA2F808C2C33}.Release|x64.Build.0 = Release|Any CPU
		{C33351AF-E598-41B6-8A43-BA2F808C2C33}.Release|x64.Deploy.0 = Release|Any CPU
		{C33351AF-E598-41B6-8A43-BA2F808C2C33}.Release|x86.ActiveCfg = Release|x86
		{C33351AF-E598-41B6-8A43-BA2F808C2C33}.Release|x86.Build.0 = Release|x86
		{C33351AF-E598-41B6-8A43-BA2F808C2C33}.Release|x86.Deploy.0 = Release|x86
		{4CB5778A-6E8C-41AD-B915-E2E06E026B96}.Ad-Hoc|Any CPU.ActiveCfg = Release|Any CPU
		{4CB5778A-6E8C-41AD-B915-E2E06E026B96}.Ad-Hoc|Any CPU.Build.0 = Release|Any CPU
		{4CB5778A-6E8C-41AD-B915-E2E06E026B96}.Ad-Hoc|Any CPU.Deploy.0 = Release|Any CPU
		{4CB5778A-6E8C-41AD-B915-E2E06E026B96}.Ad-Hoc|ARM.ActiveCfg = Release|ARM
		{4CB5778A-6E8C-41AD-B915-E2E06E026B96}.Ad-Hoc|ARM.Build.0 = Release|ARM
		{4CB5778A-6E8C-41AD-B915-E2E06E026B96}.Ad-Hoc|ARM.Deploy.0 = Release|ARM
		{4CB5778A-6E8C-41AD-B915-E2E06E026B96}.Ad-Hoc|iPhone.ActiveCfg = Release|Any CPU
		{4CB5778A-6E8C-41AD-B915-E2E06E026B96}.Ad-Hoc|iPhone.Build.0 = Release|Any CPU
		{4CB5778A-6E8C-41AD-B915-E2E06E026B96}.Ad-Hoc|iPhone.Deploy.0 = Release|Any CPU
		{4CB5778A-6E8C-41AD-B915-E2E06E026B96}.Ad-Hoc|iPhoneSimulator.ActiveCfg = Release|Any CPU
		{4CB5778A-6E8C-41AD-B915-E2E06E026B96}.Ad-Hoc|iPhoneSimulator.Build.0 = Release|Any CPU
		{4CB5778A-6E8C-41AD-B915-E2E06E026B96}.Ad-Hoc|iPhoneSimulator.Deploy.0 = Release|Any CPU
		{4CB5778A-6E8C-41AD-B915-E2E06E026B96}.Ad-Hoc|x64.ActiveCfg = Release|x64
		{4CB5778A-6E8C-41AD-B915-E2E06E026B96}.Ad-Hoc|x64.Build.0 = Release|x64
		{4CB5778A-6E8C-41AD-B915-E2E06E026B96}.Ad-Hoc|x64.Deploy.0 = Release|x64
		{4CB5778A-6E8C-41AD-B915-E2E06E026B96}.Ad-Hoc|x86.ActiveCfg = Release|x86
		{4CB5778A-6E8C-41AD-B915-E2E06E026B96}.Ad-Hoc|x86.Build.0 = Release|x86
		{4CB5778A-6E8C-41AD-B915-E2E06E026B96}.Ad-Hoc|x86.Deploy.0 = Release|x86
		{4CB5778A-6E8C-41AD-B915-E2E06E026B96}.AppStore|Any CPU.ActiveCfg = Release|Any CPU
		{4CB5778A-6E8C-41AD-B915-E2E06E026B96}.AppStore|Any CPU.Build.0 = Release|Any CPU
		{4CB5778A-6E8C-41AD-B915-E2E06E026B96}.AppStore|Any CPU.Deploy.0 = Release|Any CPU
		{4CB5778A-6E8C-41AD-B915-E2E06E026B96}.AppStore|ARM.ActiveCfg = Release|ARM
		{4CB5778A-6E8C-41AD-B915-E2E06E026B96}.AppStore|ARM.Build.0 = Release|ARM
		{4CB5778A-6E8C-41AD-B915-E2E06E026B96}.AppStore|ARM.Deploy.0 = Release|ARM
		{4CB5778A-6E8C-41AD-B915-E2E06E026B96}.AppStore|iPhone.ActiveCfg = Release|Any CPU
		{4CB5778A-6E8C-41AD-B915-E2E06E026B96}.AppStore|iPhone.Build.0 = Release|Any CPU
		{4CB5778A-6E8C-41AD-B915-E2E06E026B96}.AppStore|iPhone.Deploy.0 = Release|Any CPU
		{4CB5778A-6E8C-41AD-B915-E2E06E026B96}.AppStore|iPhoneSimulator.ActiveCfg = Release|Any CPU
		{4CB5778A-6E8C-41AD-B915-E2E06E026B96}.AppStore|iPhoneSimulator.Build.0 = Release|Any CPU
		{4CB5778A-6E8C-41AD-B915-E2E06E026B96}.AppStore|iPhoneSimulator.Deploy.0 = Release|Any CPU
		{4CB5778A-6E8C-41AD-B915-E2E06E026B96}.AppStore|x64.ActiveCfg = Release|x64
		{4CB5778A-6E8C-41AD-B915-E2E06E026B96}.AppStore|x64.Build.0 = Release|x64
		{4CB5778A-6E8C-41AD-B915-E2E06E026B96}.AppStore|x64.Deploy.0 = Release|x64
		{4CB5778A-6E8C-41AD-B915-E2E06E026B96}.AppStore|x86.ActiveCfg = Release|x86
		{4CB5778A-6E8C-41AD-B915-E2E06E026B96}.AppStore|x86.Build.0 = Release|x86
		{4CB5778A-6E8C-41AD-B915-E2E06E026B96}.AppStore|x86.Deploy.0 = Release|x86
		{4CB5778A-6E8C-41AD-B915-E2E06E026B96}.Debug|Any CPU.ActiveCfg = Debug|Any CPU
		{4CB5778A-6E8C-41AD-B915-E2E06E026B96}.Debug|Any CPU.Build.0 = Debug|Any CPU
		{4CB5778A-6E8C-41AD-B915-E2E06E026B96}.Debug|Any CPU.Deploy.0 = Debug|Any CPU
		{4CB5778A-6E8C-41AD-B915-E2E06E026B96}.Debug|ARM.ActiveCfg = Debug|ARM
		{4CB5778A-6E8C-41AD-B915-E2E06E026B96}.Debug|ARM.Build.0 = Debug|ARM
		{4CB5778A-6E8C-41AD-B915-E2E06E026B96}.Debug|ARM.Deploy.0 = Debug|ARM
		{4CB5778A-6E8C-41AD-B915-E2E06E026B96}.Debug|iPhone.ActiveCfg = Debug|Any CPU
		{4CB5778A-6E8C-41AD-B915-E2E06E026B96}.Debug|iPhone.Build.0 = Debug|Any CPU
		{4CB5778A-6E8C-41AD-B915-E2E06E026B96}.Debug|iPhone.Deploy.0 = Debug|Any CPU
		{4CB5778A-6E8C-41AD-B915-E2E06E026B96}.Debug|iPhoneSimulator.ActiveCfg = Debug|Any CPU
		{4CB5778A-6E8C-41AD-B915-E2E06E026B96}.Debug|iPhoneSimulator.Build.0 = Debug|Any CPU
		{4CB5778A-6E8C-41AD-B915-E2E06E026B96}.Debug|iPhoneSimulator.Deploy.0 = Debug|Any CPU
		{4CB5778A-6E8C-41AD-B915-E2E06E026B96}.Debug|x64.ActiveCfg = Debug|x64
		{4CB5778A-6E8C-41AD-B915-E2E06E026B96}.Debug|x64.Build.0 = Debug|x64
		{4CB5778A-6E8C-41AD-B915-E2E06E026B96}.Debug|x64.Deploy.0 = Debug|x64
		{4CB5778A-6E8C-41AD-B915-E2E06E026B96}.Debug|x86.ActiveCfg = Debug|x86
		{4CB5778A-6E8C-41AD-B915-E2E06E026B96}.Debug|x86.Build.0 = Debug|x86
		{4CB5778A-6E8C-41AD-B915-E2E06E026B96}.Debug|x86.Deploy.0 = Debug|x86
		{4CB5778A-6E8C-41AD-B915-E2E06E026B96}.Release|Any CPU.ActiveCfg = Release|Any CPU
		{4CB5778A-6E8C-41AD-B915-E2E06E026B96}.Release|Any CPU.Build.0 = Release|Any CPU
		{4CB5778A-6E8C-41AD-B915-E2E06E026B96}.Release|Any CPU.Deploy.0 = Release|Any CPU
		{4CB5778A-6E8C-41AD-B915-E2E06E026B96}.Release|ARM.ActiveCfg = Release|ARM
		{4CB5778A-6E8C-41AD-B915-E2E06E026B96}.Release|ARM.Build.0 = Release|ARM
		{4CB5778A-6E8C-41AD-B915-E2E06E026B96}.Release|ARM.Deploy.0 = Release|ARM
		{4CB5778A-6E8C-41AD-B915-E2E06E026B96}.Release|iPhone.ActiveCfg = Release|Any CPU
		{4CB5778A-6E8C-41AD-B915-E2E06E026B96}.Release|iPhone.Build.0 = Release|Any CPU
		{4CB5778A-6E8C-41AD-B915-E2E06E026B96}.Release|iPhone.Deploy.0 = Release|Any CPU
		{4CB5778A-6E8C-41AD-B915-E2E06E026B96}.Release|iPhoneSimulator.ActiveCfg = Release|Any CPU
		{4CB5778A-6E8C-41AD-B915-E2E06E026B96}.Release|iPhoneSimulator.Build.0 = Release|Any CPU
		{4CB5778A-6E8C-41AD-B915-E2E06E026B96}.Release|iPhoneSimulator.Deploy.0 = Release|Any CPU
		{4CB5778A-6E8C-41AD-B915-E2E06E026B96}.Release|x64.ActiveCfg = Release|x64
		{4CB5778A-6E8C-41AD-B915-E2E06E026B96}.Release|x64.Build.0 = Release|x64
		{4CB5778A-6E8C-41AD-B915-E2E06E026B96}.Release|x64.Deploy.0 = Release|x64
		{4CB5778A-6E8C-41AD-B915-E2E06E026B96}.Release|x86.ActiveCfg = Release|x86
		{4CB5778A-6E8C-41AD-B915-E2E06E026B96}.Release|x86.Build.0 = Release|x86
		{4CB5778A-6E8C-41AD-B915-E2E06E026B96}.Release|x86.Deploy.0 = Release|x86
		{C1B9ACF3-847A-4E90-AB4C-5C194E15FEE2}.Ad-Hoc|Any CPU.ActiveCfg = Release|Any CPU
		{C1B9ACF3-847A-4E90-AB4C-5C194E15FEE2}.Ad-Hoc|Any CPU.Build.0 = Release|Any CPU
		{C1B9ACF3-847A-4E90-AB4C-5C194E15FEE2}.Ad-Hoc|ARM.ActiveCfg = Release|Any CPU
		{C1B9ACF3-847A-4E90-AB4C-5C194E15FEE2}.Ad-Hoc|ARM.Build.0 = Release|Any CPU
		{C1B9ACF3-847A-4E90-AB4C-5C194E15FEE2}.Ad-Hoc|iPhone.ActiveCfg = Release|Any CPU
		{C1B9ACF3-847A-4E90-AB4C-5C194E15FEE2}.Ad-Hoc|iPhone.Build.0 = Release|Any CPU
		{C1B9ACF3-847A-4E90-AB4C-5C194E15FEE2}.Ad-Hoc|iPhoneSimulator.ActiveCfg = Release|Any CPU
		{C1B9ACF3-847A-4E90-AB4C-5C194E15FEE2}.Ad-Hoc|iPhoneSimulator.Build.0 = Release|Any CPU
		{C1B9ACF3-847A-4E90-AB4C-5C194E15FEE2}.Ad-Hoc|x64.ActiveCfg = Release|Any CPU
		{C1B9ACF3-847A-4E90-AB4C-5C194E15FEE2}.Ad-Hoc|x64.Build.0 = Release|Any CPU
		{C1B9ACF3-847A-4E90-AB4C-5C194E15FEE2}.Ad-Hoc|x86.ActiveCfg = Release|Any CPU
		{C1B9ACF3-847A-4E90-AB4C-5C194E15FEE2}.Ad-Hoc|x86.Build.0 = Release|Any CPU
		{C1B9ACF3-847A-4E90-AB4C-5C194E15FEE2}.AppStore|Any CPU.ActiveCfg = Release|Any CPU
		{C1B9ACF3-847A-4E90-AB4C-5C194E15FEE2}.AppStore|Any CPU.Build.0 = Release|Any CPU
		{C1B9ACF3-847A-4E90-AB4C-5C194E15FEE2}.AppStore|ARM.ActiveCfg = Release|Any CPU
		{C1B9ACF3-847A-4E90-AB4C-5C194E15FEE2}.AppStore|ARM.Build.0 = Release|Any CPU
		{C1B9ACF3-847A-4E90-AB4C-5C194E15FEE2}.AppStore|iPhone.ActiveCfg = Release|Any CPU
		{C1B9ACF3-847A-4E90-AB4C-5C194E15FEE2}.AppStore|iPhone.Build.0 = Release|Any CPU
		{C1B9ACF3-847A-4E90-AB4C-5C194E15FEE2}.AppStore|iPhoneSimulator.ActiveCfg = Release|Any CPU
		{C1B9ACF3-847A-4E90-AB4C-5C194E15FEE2}.AppStore|iPhoneSimulator.Build.0 = Release|Any CPU
		{C1B9ACF3-847A-4E90-AB4C-5C194E15FEE2}.AppStore|x64.ActiveCfg = Release|Any CPU
		{C1B9ACF3-847A-4E90-AB4C-5C194E15FEE2}.AppStore|x64.Build.0 = Release|Any CPU
		{C1B9ACF3-847A-4E90-AB4C-5C194E15FEE2}.AppStore|x86.ActiveCfg = Release|Any CPU
		{C1B9ACF3-847A-4E90-AB4C-5C194E15FEE2}.AppStore|x86.Build.0 = Release|Any CPU
		{C1B9ACF3-847A-4E90-AB4C-5C194E15FEE2}.Debug|Any CPU.ActiveCfg = Debug|Any CPU
		{C1B9ACF3-847A-4E90-AB4C-5C194E15FEE2}.Debug|Any CPU.Build.0 = Debug|Any CPU
		{C1B9ACF3-847A-4E90-AB4C-5C194E15FEE2}.Debug|ARM.ActiveCfg = Debug|Any CPU
		{C1B9ACF3-847A-4E90-AB4C-5C194E15FEE2}.Debug|ARM.Build.0 = Debug|Any CPU
		{C1B9ACF3-847A-4E90-AB4C-5C194E15FEE2}.Debug|iPhone.ActiveCfg = Debug|Any CPU
		{C1B9ACF3-847A-4E90-AB4C-5C194E15FEE2}.Debug|iPhone.Build.0 = Debug|Any CPU
		{C1B9ACF3-847A-4E90-AB4C-5C194E15FEE2}.Debug|iPhoneSimulator.ActiveCfg = Debug|Any CPU
		{C1B9ACF3-847A-4E90-AB4C-5C194E15FEE2}.Debug|iPhoneSimulator.Build.0 = Debug|Any CPU
		{C1B9ACF3-847A-4E90-AB4C-5C194E15FEE2}.Debug|x64.ActiveCfg = Debug|Any CPU
		{C1B9ACF3-847A-4E90-AB4C-5C194E15FEE2}.Debug|x64.Build.0 = Debug|Any CPU
		{C1B9ACF3-847A-4E90-AB4C-5C194E15FEE2}.Debug|x86.ActiveCfg = Debug|Any CPU
		{C1B9ACF3-847A-4E90-AB4C-5C194E15FEE2}.Debug|x86.Build.0 = Debug|Any CPU
		{C1B9ACF3-847A-4E90-AB4C-5C194E15FEE2}.Release|Any CPU.ActiveCfg = Release|Any CPU
		{C1B9ACF3-847A-4E90-AB4C-5C194E15FEE2}.Release|Any CPU.Build.0 = Release|Any CPU
		{C1B9ACF3-847A-4E90-AB4C-5C194E15FEE2}.Release|ARM.ActiveCfg = Release|Any CPU
		{C1B9ACF3-847A-4E90-AB4C-5C194E15FEE2}.Release|ARM.Build.0 = Release|Any CPU
		{C1B9ACF3-847A-4E90-AB4C-5C194E15FEE2}.Release|iPhone.ActiveCfg = Release|Any CPU
		{C1B9ACF3-847A-4E90-AB4C-5C194E15FEE2}.Release|iPhone.Build.0 = Release|Any CPU
		{C1B9ACF3-847A-4E90-AB4C-5C194E15FEE2}.Release|iPhoneSimulator.ActiveCfg = Release|Any CPU
		{C1B9ACF3-847A-4E90-AB4C-5C194E15FEE2}.Release|iPhoneSimulator.Build.0 = Release|Any CPU
		{C1B9ACF3-847A-4E90-AB4C-5C194E15FEE2}.Release|x64.ActiveCfg = Release|Any CPU
		{C1B9ACF3-847A-4E90-AB4C-5C194E15FEE2}.Release|x64.Build.0 = Release|Any CPU
		{C1B9ACF3-847A-4E90-AB4C-5C194E15FEE2}.Release|x86.ActiveCfg = Release|Any CPU
		{C1B9ACF3-847A-4E90-AB4C-5C194E15FEE2}.Release|x86.Build.0 = Release|Any CPU
		{D79E3EEB-7A96-4B1D-8456-316B69BB8F79}.Ad-Hoc|Any CPU.ActiveCfg = Release|Any CPU
		{D79E3EEB-7A96-4B1D-8456-316B69BB8F79}.Ad-Hoc|Any CPU.Build.0 = Release|Any CPU
		{D79E3EEB-7A96-4B1D-8456-316B69BB8F79}.Ad-Hoc|ARM.ActiveCfg = Release|Any CPU
		{D79E3EEB-7A96-4B1D-8456-316B69BB8F79}.Ad-Hoc|ARM.Build.0 = Release|Any CPU
		{D79E3EEB-7A96-4B1D-8456-316B69BB8F79}.Ad-Hoc|iPhone.ActiveCfg = Release|Any CPU
		{D79E3EEB-7A96-4B1D-8456-316B69BB8F79}.Ad-Hoc|iPhone.Build.0 = Release|Any CPU
		{D79E3EEB-7A96-4B1D-8456-316B69BB8F79}.Ad-Hoc|iPhoneSimulator.ActiveCfg = Release|Any CPU
		{D79E3EEB-7A96-4B1D-8456-316B69BB8F79}.Ad-Hoc|iPhoneSimulator.Build.0 = Release|Any CPU
		{D79E3EEB-7A96-4B1D-8456-316B69BB8F79}.Ad-Hoc|x64.ActiveCfg = Release|Any CPU
		{D79E3EEB-7A96-4B1D-8456-316B69BB8F79}.Ad-Hoc|x64.Build.0 = Release|Any CPU
		{D79E3EEB-7A96-4B1D-8456-316B69BB8F79}.Ad-Hoc|x86.ActiveCfg = Release|Any CPU
		{D79E3EEB-7A96-4B1D-8456-316B69BB8F79}.Ad-Hoc|x86.Build.0 = Release|Any CPU
		{D79E3EEB-7A96-4B1D-8456-316B69BB8F79}.AppStore|Any CPU.ActiveCfg = Release|Any CPU
		{D79E3EEB-7A96-4B1D-8456-316B69BB8F79}.AppStore|Any CPU.Build.0 = Release|Any CPU
		{D79E3EEB-7A96-4B1D-8456-316B69BB8F79}.AppStore|ARM.ActiveCfg = Release|Any CPU
		{D79E3EEB-7A96-4B1D-8456-316B69BB8F79}.AppStore|ARM.Build.0 = Release|Any CPU
		{D79E3EEB-7A96-4B1D-8456-316B69BB8F79}.AppStore|iPhone.ActiveCfg = Release|Any CPU
		{D79E3EEB-7A96-4B1D-8456-316B69BB8F79}.AppStore|iPhone.Build.0 = Release|Any CPU
		{D79E3EEB-7A96-4B1D-8456-316B69BB8F79}.AppStore|iPhoneSimulator.ActiveCfg = Release|Any CPU
		{D79E3EEB-7A96-4B1D-8456-316B69BB8F79}.AppStore|iPhoneSimulator.Build.0 = Release|Any CPU
		{D79E3EEB-7A96-4B1D-8456-316B69BB8F79}.AppStore|x64.ActiveCfg = Release|Any CPU
		{D79E3EEB-7A96-4B1D-8456-316B69BB8F79}.AppStore|x64.Build.0 = Release|Any CPU
		{D79E3EEB-7A96-4B1D-8456-316B69BB8F79}.AppStore|x86.ActiveCfg = Release|Any CPU
		{D79E3EEB-7A96-4B1D-8456-316B69BB8F79}.AppStore|x86.Build.0 = Release|Any CPU
		{D79E3EEB-7A96-4B1D-8456-316B69BB8F79}.Debug|Any CPU.ActiveCfg = Debug|Any CPU
		{D79E3EEB-7A96-4B1D-8456-316B69BB8F79}.Debug|Any CPU.Build.0 = Debug|Any CPU
		{D79E3EEB-7A96-4B1D-8456-316B69BB8F79}.Debug|ARM.ActiveCfg = Debug|Any CPU
		{D79E3EEB-7A96-4B1D-8456-316B69BB8F79}.Debug|ARM.Build.0 = Debug|Any CPU
		{D79E3EEB-7A96-4B1D-8456-316B69BB8F79}.Debug|iPhone.ActiveCfg = Debug|Any CPU
		{D79E3EEB-7A96-4B1D-8456-316B69BB8F79}.Debug|iPhone.Build.0 = Debug|Any CPU
		{D79E3EEB-7A96-4B1D-8456-316B69BB8F79}.Debug|iPhoneSimulator.ActiveCfg = Debug|Any CPU
		{D79E3EEB-7A96-4B1D-8456-316B69BB8F79}.Debug|iPhoneSimulator.Build.0 = Debug|Any CPU
		{D79E3EEB-7A96-4B1D-8456-316B69BB8F79}.Debug|x64.ActiveCfg = Debug|Any CPU
		{D79E3EEB-7A96-4B1D-8456-316B69BB8F79}.Debug|x64.Build.0 = Debug|Any CPU
		{D79E3EEB-7A96-4B1D-8456-316B69BB8F79}.Debug|x86.ActiveCfg = Debug|Any CPU
		{D79E3EEB-7A96-4B1D-8456-316B69BB8F79}.Debug|x86.Build.0 = Debug|Any CPU
		{D79E3EEB-7A96-4B1D-8456-316B69BB8F79}.Release|Any CPU.ActiveCfg = Release|Any CPU
		{D79E3EEB-7A96-4B1D-8456-316B69BB8F79}.Release|Any CPU.Build.0 = Release|Any CPU
		{D79E3EEB-7A96-4B1D-8456-316B69BB8F79}.Release|ARM.ActiveCfg = Release|Any CPU
		{D79E3EEB-7A96-4B1D-8456-316B69BB8F79}.Release|ARM.Build.0 = Release|Any CPU
		{D79E3EEB-7A96-4B1D-8456-316B69BB8F79}.Release|iPhone.ActiveCfg = Release|Any CPU
		{D79E3EEB-7A96-4B1D-8456-316B69BB8F79}.Release|iPhone.Build.0 = Release|Any CPU
		{D79E3EEB-7A96-4B1D-8456-316B69BB8F79}.Release|iPhoneSimulator.ActiveCfg = Release|Any CPU
		{D79E3EEB-7A96-4B1D-8456-316B69BB8F79}.Release|iPhoneSimulator.Build.0 = Release|Any CPU
		{D79E3EEB-7A96-4B1D-8456-316B69BB8F79}.Release|x64.ActiveCfg = Release|Any CPU
		{D79E3EEB-7A96-4B1D-8456-316B69BB8F79}.Release|x64.Build.0 = Release|Any CPU
		{D79E3EEB-7A96-4B1D-8456-316B69BB8F79}.Release|x86.ActiveCfg = Release|Any CPU
		{D79E3EEB-7A96-4B1D-8456-316B69BB8F79}.Release|x86.Build.0 = Release|Any CPU
		{04863836-6EA6-4168-B433-CCEEBC1E835D}.Ad-Hoc|Any CPU.ActiveCfg = Release|Any CPU
		{04863836-6EA6-4168-B433-CCEEBC1E835D}.Ad-Hoc|Any CPU.Build.0 = Release|Any CPU
		{04863836-6EA6-4168-B433-CCEEBC1E835D}.Ad-Hoc|ARM.ActiveCfg = Release|Any CPU
		{04863836-6EA6-4168-B433-CCEEBC1E835D}.Ad-Hoc|ARM.Build.0 = Release|Any CPU
		{04863836-6EA6-4168-B433-CCEEBC1E835D}.Ad-Hoc|iPhone.ActiveCfg = Release|Any CPU
		{04863836-6EA6-4168-B433-CCEEBC1E835D}.Ad-Hoc|iPhone.Build.0 = Release|Any CPU
		{04863836-6EA6-4168-B433-CCEEBC1E835D}.Ad-Hoc|iPhoneSimulator.ActiveCfg = Release|Any CPU
		{04863836-6EA6-4168-B433-CCEEBC1E835D}.Ad-Hoc|iPhoneSimulator.Build.0 = Release|Any CPU
		{04863836-6EA6-4168-B433-CCEEBC1E835D}.Ad-Hoc|x64.ActiveCfg = Release|Any CPU
		{04863836-6EA6-4168-B433-CCEEBC1E835D}.Ad-Hoc|x64.Build.0 = Release|Any CPU
		{04863836-6EA6-4168-B433-CCEEBC1E835D}.Ad-Hoc|x86.ActiveCfg = Release|Any CPU
		{04863836-6EA6-4168-B433-CCEEBC1E835D}.Ad-Hoc|x86.Build.0 = Release|Any CPU
		{04863836-6EA6-4168-B433-CCEEBC1E835D}.AppStore|Any CPU.ActiveCfg = Release|Any CPU
		{04863836-6EA6-4168-B433-CCEEBC1E835D}.AppStore|Any CPU.Build.0 = Release|Any CPU
		{04863836-6EA6-4168-B433-CCEEBC1E835D}.AppStore|ARM.ActiveCfg = Release|Any CPU
		{04863836-6EA6-4168-B433-CCEEBC1E835D}.AppStore|ARM.Build.0 = Release|Any CPU
		{04863836-6EA6-4168-B433-CCEEBC1E835D}.AppStore|iPhone.ActiveCfg = Release|Any CPU
		{04863836-6EA6-4168-B433-CCEEBC1E835D}.AppStore|iPhone.Build.0 = Release|Any CPU
		{04863836-6EA6-4168-B433-CCEEBC1E835D}.AppStore|iPhoneSimulator.ActiveCfg = Release|Any CPU
		{04863836-6EA6-4168-B433-CCEEBC1E835D}.AppStore|iPhoneSimulator.Build.0 = Release|Any CPU
		{04863836-6EA6-4168-B433-CCEEBC1E835D}.AppStore|x64.ActiveCfg = Release|Any CPU
		{04863836-6EA6-4168-B433-CCEEBC1E835D}.AppStore|x64.Build.0 = Release|Any CPU
		{04863836-6EA6-4168-B433-CCEEBC1E835D}.AppStore|x86.ActiveCfg = Release|Any CPU
		{04863836-6EA6-4168-B433-CCEEBC1E835D}.AppStore|x86.Build.0 = Release|Any CPU
		{04863836-6EA6-4168-B433-CCEEBC1E835D}.Debug|Any CPU.ActiveCfg = Debug|Any CPU
		{04863836-6EA6-4168-B433-CCEEBC1E835D}.Debug|Any CPU.Build.0 = Debug|Any CPU
		{04863836-6EA6-4168-B433-CCEEBC1E835D}.Debug|ARM.ActiveCfg = Debug|Any CPU
		{04863836-6EA6-4168-B433-CCEEBC1E835D}.Debug|ARM.Build.0 = Debug|Any CPU
		{04863836-6EA6-4168-B433-CCEEBC1E835D}.Debug|iPhone.ActiveCfg = Debug|Any CPU
		{04863836-6EA6-4168-B433-CCEEBC1E835D}.Debug|iPhone.Build.0 = Debug|Any CPU
		{04863836-6EA6-4168-B433-CCEEBC1E835D}.Debug|iPhoneSimulator.ActiveCfg = Debug|Any CPU
		{04863836-6EA6-4168-B433-CCEEBC1E835D}.Debug|iPhoneSimulator.Build.0 = Debug|Any CPU
		{04863836-6EA6-4168-B433-CCEEBC1E835D}.Debug|x64.ActiveCfg = Debug|Any CPU
		{04863836-6EA6-4168-B433-CCEEBC1E835D}.Debug|x64.Build.0 = Debug|Any CPU
		{04863836-6EA6-4168-B433-CCEEBC1E835D}.Debug|x86.ActiveCfg = Debug|Any CPU
		{04863836-6EA6-4168-B433-CCEEBC1E835D}.Debug|x86.Build.0 = Debug|Any CPU
		{04863836-6EA6-4168-B433-CCEEBC1E835D}.Release|Any CPU.ActiveCfg = Release|Any CPU
		{04863836-6EA6-4168-B433-CCEEBC1E835D}.Release|Any CPU.Build.0 = Release|Any CPU
		{04863836-6EA6-4168-B433-CCEEBC1E835D}.Release|ARM.ActiveCfg = Release|Any CPU
		{04863836-6EA6-4168-B433-CCEEBC1E835D}.Release|ARM.Build.0 = Release|Any CPU
		{04863836-6EA6-4168-B433-CCEEBC1E835D}.Release|iPhone.ActiveCfg = Release|Any CPU
		{04863836-6EA6-4168-B433-CCEEBC1E835D}.Release|iPhone.Build.0 = Release|Any CPU
		{04863836-6EA6-4168-B433-CCEEBC1E835D}.Release|iPhoneSimulator.ActiveCfg = Release|Any CPU
		{04863836-6EA6-4168-B433-CCEEBC1E835D}.Release|iPhoneSimulator.Build.0 = Release|Any CPU
		{04863836-6EA6-4168-B433-CCEEBC1E835D}.Release|x64.ActiveCfg = Release|Any CPU
		{04863836-6EA6-4168-B433-CCEEBC1E835D}.Release|x64.Build.0 = Release|Any CPU
		{04863836-6EA6-4168-B433-CCEEBC1E835D}.Release|x86.ActiveCfg = Release|Any CPU
		{04863836-6EA6-4168-B433-CCEEBC1E835D}.Release|x86.Build.0 = Release|Any CPU
	EndGlobalSection
	GlobalSection(SolutionProperties) = preSolution
		HideSolutionNode = FALSE
	EndGlobalSection
EndGlobal
